// !$*UTF8*$!
{
	archiveVersion = 1;
	classes = {
	};
	objectVersion = 50;
	objects = {

/* Begin PBXBuildFile section */
		0337725423D06253003A6176 /* SectionHeader.swift in Sources */ = {isa = PBXBuildFile; fileRef = 0337725323D06253003A6176 /* SectionHeader.swift */; };
		03AA655923CCB3C400B07EC8 /* AppDelegate.swift in Sources */ = {isa = PBXBuildFile; fileRef = 03AA655823CCB3C400B07EC8 /* AppDelegate.swift */; };
		03AA655B23CCB3C400B07EC8 /* SceneDelegate.swift in Sources */ = {isa = PBXBuildFile; fileRef = 03AA655A23CCB3C400B07EC8 /* SceneDelegate.swift */; };
		03AA655D23CCB3C400B07EC8 /* ViewController.swift in Sources */ = {isa = PBXBuildFile; fileRef = 03AA655C23CCB3C400B07EC8 /* ViewController.swift */; };
		03AA656023CCB3C400B07EC8 /* Main.storyboard in Resources */ = {isa = PBXBuildFile; fileRef = 03AA655E23CCB3C400B07EC8 /* Main.storyboard */; };
		03AA656223CCB3C800B07EC8 /* Assets.xcassets in Resources */ = {isa = PBXBuildFile; fileRef = 03AA656123CCB3C800B07EC8 /* Assets.xcassets */; };
		03AA656523CCB3C800B07EC8 /* LaunchScreen.storyboard in Resources */ = {isa = PBXBuildFile; fileRef = 03AA656323CCB3C800B07EC8 /* LaunchScreen.storyboard */; };
		03AA656D23CCB53800B07EC8 /* ListVC.swift in Sources */ = {isa = PBXBuildFile; fileRef = 03AA656C23CCB53800B07EC8 /* ListVC.swift */; };
		03F5C4D923CE15A800F1CF71 /* RequestAPI.swift in Sources */ = {isa = PBXBuildFile; fileRef = 03F5C4D723CE15A800F1CF71 /* RequestAPI.swift */; };
		03F5C4DA23CE15A800F1CF71 /* API.swift in Sources */ = {isa = PBXBuildFile; fileRef = 03F5C4D823CE15A800F1CF71 /* API.swift */; };
		03F5C4DC23CE178300F1CF71 /* Json_models.swift in Sources */ = {isa = PBXBuildFile; fileRef = 03F5C4DB23CE178300F1CF71 /* Json_models.swift */; };
		03F5C4DE23CE180E00F1CF71 /* DataService.swift in Sources */ = {isa = PBXBuildFile; fileRef = 03F5C4DD23CE180E00F1CF71 /* DataService.swift */; };
		E06769251C4DE66163CDE583 /* Pods_Engineer_ai_Assignment.framework in Frameworks */ = {isa = PBXBuildFile; fileRef = 9009391E6B24DF27C528D4CA /* Pods_Engineer_ai_Assignment.framework */; };
/* End PBXBuildFile section */

/* Begin PBXFileReference section */
		0337725323D06253003A6176 /* SectionHeader.swift */ = {isa = PBXFileReference; lastKnownFileType = sourcecode.swift; path = SectionHeader.swift; sourceTree = "<group>"; };
		03AA655523CCB3C400B07EC8 /* Engineer_ai_Assignment.app */ = {isa = PBXFileReference; explicitFileType = wrapper.application; includeInIndex = 0; path = Engineer_ai_Assignment.app; sourceTree = BUILT_PRODUCTS_DIR; };
		03AA655823CCB3C400B07EC8 /* AppDelegate.swift */ = {isa = PBXFileReference; lastKnownFileType = sourcecode.swift; path = AppDelegate.swift; sourceTree = "<group>"; };
		03AA655A23CCB3C400B07EC8 /* SceneDelegate.swift */ = {isa = PBXFileReference; lastKnownFileType = sourcecode.swift; path = SceneDelegate.swift; sourceTree = "<group>"; };
		03AA655C23CCB3C400B07EC8 /* ViewController.swift */ = {isa = PBXFileReference; lastKnownFileType = sourcecode.swift; path = ViewController.swift; sourceTree = "<group>"; };
		03AA655F23CCB3C400B07EC8 /* Base */ = {isa = PBXFileReference; lastKnownFileType = file.storyboard; name = Base; path = Base.lproj/Main.storyboard; sourceTree = "<group>"; };
		03AA656123CCB3C800B07EC8 /* Assets.xcassets */ = {isa = PBXFileReference; lastKnownFileType = folder.assetcatalog; path = Assets.xcassets; sourceTree = "<group>"; };
		03AA656423CCB3C800B07EC8 /* Base */ = {isa = PBXFileReference; lastKnownFileType = file.storyboard; name = Base; path = Base.lproj/LaunchScreen.storyboard; sourceTree = "<group>"; };
		03AA656623CCB3C800B07EC8 /* Info.plist */ = {isa = PBXFileReference; lastKnownFileType = text.plist.xml; path = Info.plist; sourceTree = "<group>"; };
		03AA656C23CCB53800B07EC8 /* ListVC.swift */ = {isa = PBXFileReference; lastKnownFileType = sourcecode.swift; path = ListVC.swift; sourceTree = "<group>"; };
		03F5C4D723CE15A800F1CF71 /* RequestAPI.swift */ = {isa = PBXFileReference; fileEncoding = 4; lastKnownFileType = sourcecode.swift; path = RequestAPI.swift; sourceTree = "<group>"; };
		03F5C4D823CE15A800F1CF71 /* API.swift */ = {isa = PBXFileReference; fileEncoding = 4; lastKnownFileType = sourcecode.swift; path = API.swift; sourceTree = "<group>"; };
		03F5C4DB23CE178300F1CF71 /* Json_models.swift */ = {isa = PBXFileReference; lastKnownFileType = sourcecode.swift; path = Json_models.swift; sourceTree = "<group>"; };
		03F5C4DD23CE180E00F1CF71 /* DataService.swift */ = {isa = PBXFileReference; lastKnownFileType = sourcecode.swift; path = DataService.swift; sourceTree = "<group>"; };
		2FA948D8430A81689D2A3C2D /* Pods-Engineer_ai_Assignment.release.xcconfig */ = {isa = PBXFileReference; includeInIndex = 1; lastKnownFileType = text.xcconfig; name = "Pods-Engineer_ai_Assignment.release.xcconfig"; path = "Target Support Files/Pods-Engineer_ai_Assignment/Pods-Engineer_ai_Assignment.release.xcconfig"; sourceTree = "<group>"; };
		9009391E6B24DF27C528D4CA /* Pods_Engineer_ai_Assignment.framework */ = {isa = PBXFileReference; explicitFileType = wrapper.framework; includeInIndex = 0; path = Pods_Engineer_ai_Assignment.framework; sourceTree = BUILT_PRODUCTS_DIR; };
		F42597DE8345BDC45099191C /* Pods-Engineer_ai_Assignment.debug.xcconfig */ = {isa = PBXFileReference; includeInIndex = 1; lastKnownFileType = text.xcconfig; name = "Pods-Engineer_ai_Assignment.debug.xcconfig"; path = "Target Support Files/Pods-Engineer_ai_Assignment/Pods-Engineer_ai_Assignment.debug.xcconfig"; sourceTree = "<group>"; };
/* End PBXFileReference section */

/* Begin PBXFrameworksBuildPhase section */
		03AA655223CCB3C400B07EC8 /* Frameworks */ = {
			isa = PBXFrameworksBuildPhase;
			buildActionMask = 2147483647;
			files = (
				E06769251C4DE66163CDE583 /* Pods_Engineer_ai_Assignment.framework in Frameworks */,
			);
			runOnlyForDeploymentPostprocessing = 0;
		};
/* End PBXFrameworksBuildPhase section */

/* Begin PBXGroup section */
		03AA654C23CCB3C400B07EC8 = {
			isa = PBXGroup;
			children = (
				03AA655723CCB3C400B07EC8 /* Engineer_ai_Assignment */,
				03AA655623CCB3C400B07EC8 /* Products */,
				848675DDC6923FF07CD3EE0D /* Pods */,
				A5EEB390150DBA2ABF93984E /* Frameworks */,
			);
			sourceTree = "<group>";
		};
		03AA655623CCB3C400B07EC8 /* Products */ = {
			isa = PBXGroup;
			children = (
				03AA655523CCB3C400B07EC8 /* Engineer_ai_Assignment.app */,
			);
			name = Products;
			sourceTree = "<group>";
		};
		03AA655723CCB3C400B07EC8 /* Engineer_ai_Assignment */ = {
			isa = PBXGroup;
			children = (
				03AA655823CCB3C400B07EC8 /* AppDelegate.swift */,
				03AA655A23CCB3C400B07EC8 /* SceneDelegate.swift */,
				03AA655C23CCB3C400B07EC8 /* ViewController.swift */,
				03AA656C23CCB53800B07EC8 /* ListVC.swift */,
				0337725323D06253003A6176 /* SectionHeader.swift */,
				03F5C4D623CE15A800F1CF71 /* Network */,
				03AA655E23CCB3C400B07EC8 /* Main.storyboard */,
				03AA656123CCB3C800B07EC8 /* Assets.xcassets */,
				03AA656323CCB3C800B07EC8 /* LaunchScreen.storyboard */,
				03AA656623CCB3C800B07EC8 /* Info.plist */,
			);
			path = Engineer_ai_Assignment;
			sourceTree = "<group>";
		};
		03F5C4D623CE15A800F1CF71 /* Network */ = {
			isa = PBXGroup;
			children = (
				03F5C4D723CE15A800F1CF71 /* RequestAPI.swift */,
				03F5C4DD23CE180E00F1CF71 /* DataService.swift */,
				03F5C4D823CE15A800F1CF71 /* API.swift */,
				03F5C4DB23CE178300F1CF71 /* Json_models.swift */,
			);
			path = Network;
			sourceTree = "<group>";
		};
		848675DDC6923FF07CD3EE0D /* Pods */ = {
			isa = PBXGroup;
			children = (
				F42597DE8345BDC45099191C /* Pods-Engineer_ai_Assignment.debug.xcconfig */,
				2FA948D8430A81689D2A3C2D /* Pods-Engineer_ai_Assignment.release.xcconfig */,
			);
			name = Pods;
			path = Pods;
			sourceTree = "<group>";
		};
		A5EEB390150DBA2ABF93984E /* Frameworks */ = {
			isa = PBXGroup;
			children = (
				9009391E6B24DF27C528D4CA /* Pods_Engineer_ai_Assignment.framework */,
			);
			name = Frameworks;
			sourceTree = "<group>";
		};
/* End PBXGroup section */

/* Begin PBXNativeTarget section */
		03AA655423CCB3C400B07EC8 /* Engineer_ai_Assignment */ = {
			isa = PBXNativeTarget;
			buildConfigurationList = 03AA656923CCB3C800B07EC8 /* Build configuration list for PBXNativeTarget "Engineer_ai_Assignment" */;
			buildPhases = (
				2706404A2143DBD819086E37 /* [CP] Check Pods Manifest.lock */,
				03AA655123CCB3C400B07EC8 /* Sources */,
				03AA655223CCB3C400B07EC8 /* Frameworks */,
				03AA655323CCB3C400B07EC8 /* Resources */,
				D03A6D117B4442CEB535DC8C /* [CP] Embed Pods Frameworks */,
			);
			buildRules = (
			);
			dependencies = (
			);
			name = Engineer_ai_Assignment;
			productName = Engineer_ai_Assignment;
			productReference = 03AA655523CCB3C400B07EC8 /* Engineer_ai_Assignment.app */;
			productType = "com.apple.product-type.application";
		};
/* End PBXNativeTarget section */

/* Begin PBXProject section */
		03AA654D23CCB3C400B07EC8 /* Project object */ = {
			isa = PBXProject;
			attributes = {
				LastSwiftUpdateCheck = 1130;
				LastUpgradeCheck = 1130;
				ORGANIZATIONNAME = Romanko;
				TargetAttributes = {
					03AA655423CCB3C400B07EC8 = {
						CreatedOnToolsVersion = 11.3;
					};
				};
			};
			buildConfigurationList = 03AA655023CCB3C400B07EC8 /* Build configuration list for PBXProject "Engineer_ai_Assignment" */;
			compatibilityVersion = "Xcode 9.3";
			developmentRegion = en;
			hasScannedForEncodings = 0;
			knownRegions = (
				en,
				Base,
			);
			mainGroup = 03AA654C23CCB3C400B07EC8;
			productRefGroup = 03AA655623CCB3C400B07EC8 /* Products */;
			projectDirPath = "";
			projectRoot = "";
			targets = (
				03AA655423CCB3C400B07EC8 /* Engineer_ai_Assignment */,
			);
		};
/* End PBXProject section */

/* Begin PBXResourcesBuildPhase section */
		03AA655323CCB3C400B07EC8 /* Resources */ = {
			isa = PBXResourcesBuildPhase;
			buildActionMask = 2147483647;
			files = (
				03AA656523CCB3C800B07EC8 /* LaunchScreen.storyboard in Resources */,
				03AA656223CCB3C800B07EC8 /* Assets.xcassets in Resources */,
				03AA656023CCB3C400B07EC8 /* Main.storyboard in Resources */,
			);
			runOnlyForDeploymentPostprocessing = 0;
		};
/* End PBXResourcesBuildPhase section */

/* Begin PBXShellScriptBuildPhase section */
		2706404A2143DBD819086E37 /* [CP] Check Pods Manifest.lock */ = {
			isa = PBXShellScriptBuildPhase;
			buildActionMask = 2147483647;
			files = (
			);
			inputFileListPaths = (
			);
			inputPaths = (
				"${PODS_PODFILE_DIR_PATH}/Podfile.lock",
				"${PODS_ROOT}/Manifest.lock",
			);
			name = "[CP] Check Pods Manifest.lock";
			outputFileListPaths = (
			);
			outputPaths = (
				"$(DERIVED_FILE_DIR)/Pods-Engineer_ai_Assignment-checkManifestLockResult.txt",
			);
			runOnlyForDeploymentPostprocessing = 0;
			shellPath = /bin/sh;
			shellScript = "diff \"${PODS_PODFILE_DIR_PATH}/Podfile.lock\" \"${PODS_ROOT}/Manifest.lock\" > /dev/null\nif [ $? != 0 ] ; then\n    # print error to STDERR\n    echo \"error: The sandbox is not in sync with the Podfile.lock. Run 'pod install' or update your CocoaPods installation.\" >&2\n    exit 1\nfi\n# This output is used by Xcode 'outputs' to avoid re-running this script phase.\necho \"SUCCESS\" > \"${SCRIPT_OUTPUT_FILE_0}\"\n";
			showEnvVarsInLog = 0;
		};
		D03A6D117B4442CEB535DC8C /* [CP] Embed Pods Frameworks */ = {
			isa = PBXShellScriptBuildPhase;
			buildActionMask = 2147483647;
			files = (
			);
			inputFileListPaths = (
				"${PODS_ROOT}/Target Support Files/Pods-Engineer_ai_Assignment/Pods-Engineer_ai_Assignment-frameworks-${CONFIGURATION}-input-files.xcfilelist",
			);
			name = "[CP] Embed Pods Frameworks";
			outputFileListPaths = (
				"${PODS_ROOT}/Target Support Files/Pods-Engineer_ai_Assignment/Pods-Engineer_ai_Assignment-frameworks-${CONFIGURATION}-output-files.xcfilelist",
			);
			runOnlyForDeploymentPostprocessing = 0;
			shellPath = /bin/sh;
			shellScript = "\"${PODS_ROOT}/Target Support Files/Pods-Engineer_ai_Assignment/Pods-Engineer_ai_Assignment-frameworks.sh\"\n";
			showEnvVarsInLog = 0;
		};
/* End PBXShellScriptBuildPhase section */

/* Begin PBXSourcesBuildPhase section */
		03AA655123CCB3C400B07EC8 /* Sources */ = {
			isa = PBXSourcesBuildPhase;
			buildActionMask = 2147483647;
			files = (
				03F5C4DE23CE180E00F1CF71 /* DataService.swift in Sources */,
				03F5C4DC23CE178300F1CF71 /* Json_models.swift in Sources */,
				03AA656D23CCB53800B07EC8 /* ListVC.swift in Sources */,
				03AA655D23CCB3C400B07EC8 /* ViewController.swift in Sources */,
				03AA655923CCB3C400B07EC8 /* AppDelegate.swift in Sources */,
				0337725423D06253003A6176 /* SectionHeader.swift in Sources */,
				03F5C4D923CE15A800F1CF71 /* RequestAPI.swift in Sources */,
				03AA655B23CCB3C400B07EC8 /* SceneDelegate.swift in Sources */,
				03F5C4DA23CE15A800F1CF71 /* API.swift in Sources */,
			);
			runOnlyForDeploymentPostprocessing = 0;
		};
/* End PBXSourcesBuildPhase section */

/* Begin PBXVariantGroup section */
		03AA655E23CCB3C400B07EC8 /* Main.storyboard */ = {
			isa = PBXVariantGroup;
			children = (
				03AA655F23CCB3C400B07EC8 /* Base */,
			);
			name = Main.storyboard;
			sourceTree = "<group>";
		};
		03AA656323CCB3C800B07EC8 /* LaunchScreen.storyboard */ = {
			isa = PBXVariantGroup;
			children = (
				03AA656423CCB3C800B07EC8 /* Base */,
			);
			name = LaunchScreen.storyboard;
			sourceTree = "<group>";
		};
/* End PBXVariantGroup section */

/* Begin XCBuildConfiguration section */
		03AA656723CCB3C800B07EC8 /* Debug */ = {
			isa = XCBuildConfiguration;
			buildSettings = {
				ALWAYS_SEARCH_USER_PATHS = NO;
				CLANG_ANALYZER_NONNULL = YES;
				CLANG_ANALYZER_NUMBER_OBJECT_CONVERSION = YES_AGGRESSIVE;
				CLANG_CXX_LANGUAGE_STANDARD = "gnu++14";
				CLANG_CXX_LIBRARY = "libc++";
				CLANG_ENABLE_MODULES = YES;
				CLANG_ENABLE_OBJC_ARC = YES;
				CLANG_ENABLE_OBJC_WEAK = YES;
				CLANG_WARN_BLOCK_CAPTURE_AUTORELEASING = YES;
				CLANG_WARN_BOOL_CONVERSION = YES;
				CLANG_WARN_COMMA = YES;
				CLANG_WARN_CONSTANT_CONVERSION = YES;
				CLANG_WARN_DEPRECATED_OBJC_IMPLEMENTATIONS = YES;
				CLANG_WARN_DIRECT_OBJC_ISA_USAGE = YES_ERROR;
				CLANG_WARN_DOCUMENTATION_COMMENTS = YES;
				CLANG_WARN_EMPTY_BODY = YES;
				CLANG_WARN_ENUM_CONVERSION = YES;
				CLANG_WARN_INFINITE_RECURSION = YES;
				CLANG_WARN_INT_CONVERSION = YES;
				CLANG_WARN_NON_LITERAL_NULL_CONVERSION = YES;
				CLANG_WARN_OBJC_IMPLICIT_RETAIN_SELF = YES;
				CLANG_WARN_OBJC_LITERAL_CONVERSION = YES;
				CLANG_WARN_OBJC_ROOT_CLASS = YES_ERROR;
				CLANG_WARN_RANGE_LOOP_ANALYSIS = YES;
				CLANG_WARN_STRICT_PROTOTYPES = YES;
				CLANG_WARN_SUSPICIOUS_MOVE = YES;
				CLANG_WARN_UNGUARDED_AVAILABILITY = YES_AGGRESSIVE;
				CLANG_WARN_UNREACHABLE_CODE = YES;
				CLANG_WARN__DUPLICATE_METHOD_MATCH = YES;
				COPY_PHASE_STRIP = NO;
				DEBUG_INFORMATION_FORMAT = dwarf;
				ENABLE_STRICT_OBJC_MSGSEND = YES;
				ENABLE_TESTABILITY = YES;
				GCC_C_LANGUAGE_STANDARD = gnu11;
				GCC_DYNAMIC_NO_PIC = NO;
				GCC_NO_COMMON_BLOCKS = YES;
				GCC_OPTIMIZATION_LEVEL = 0;
				GCC_PREPROCESSOR_DEFINITIONS = (
					"DEBUG=1",
					"$(inherited)",
				);
				GCC_WARN_64_TO_32_BIT_CONVERSION = YES;
				GCC_WARN_ABOUT_RETURN_TYPE = YES_ERROR;
				GCC_WARN_UNDECLARED_SELECTOR = YES;
				GCC_WARN_UNINITIALIZED_AUTOS = YES_AGGRESSIVE;
				GCC_WARN_UNUSED_FUNCTION = YES;
				GCC_WARN_UNUSED_VARIABLE = YES;
				IPHONEOS_DEPLOYMENT_TARGET = 13.2;
				MTL_ENABLE_DEBUG_INFO = INCLUDE_SOURCE;
				MTL_FAST_MATH = YES;
				ONLY_ACTIVE_ARCH = YES;
				SDKROOT = iphoneos;
				SWIFT_ACTIVE_COMPILATION_CONDITIONS = DEBUG;
				SWIFT_OPTIMIZATION_LEVEL = "-Onone";
			};
			name = Debug;
		};
		03AA656823CCB3C800B07EC8 /* Release */ = {
			isa = XCBuildConfiguration;
			buildSettings = {
				ALWAYS_SEARCH_USER_PATHS = NO;
				CLANG_ANALYZER_NONNULL = YES;
				CLANG_ANALYZER_NUMBER_OBJECT_CONVERSION = YES_AGGRESSIVE;
				CLANG_CXX_LANGUAGE_STANDARD = "gnu++14";
				CLANG_CXX_LIBRARY = "libc++";
				CLANG_ENABLE_MODULES = YES;
				CLANG_ENABLE_OBJC_ARC = YES;
				CLANG_ENABLE_OBJC_WEAK = YES;
				CLANG_WARN_BLOCK_CAPTURE_AUTORELEASING = YES;
				CLANG_WARN_BOOL_CONVERSION = YES;
				CLANG_WARN_COMMA = YES;
				CLANG_WARN_CONSTANT_CONVERSION = YES;
				CLANG_WARN_DEPRECATED_OBJC_IMPLEMENTATIONS = YES;
				CLANG_WARN_DIRECT_OBJC_ISA_USAGE = YES_ERROR;
				CLANG_WARN_DOCUMENTATION_COMMENTS = YES;
				CLANG_WARN_EMPTY_BODY = YES;
				CLANG_WARN_ENUM_CONVERSION = YES;
				CLANG_WARN_INFINITE_RECURSION = YES;
				CLANG_WARN_INT_CONVERSION = YES;
				CLANG_WARN_NON_LITERAL_NULL_CONVERSION = YES;
				CLANG_WARN_OBJC_IMPLICIT_RETAIN_SELF = YES;
				CLANG_WARN_OBJC_LITERAL_CONVERSION = YES;
				CLANG_WARN_OBJC_ROOT_CLASS = YES_ERROR;
				CLANG_WARN_RANGE_LOOP_ANALYSIS = YES;
				CLANG_WARN_STRICT_PROTOTYPES = YES;
				CLANG_WARN_SUSPICIOUS_MOVE = YES;
				CLANG_WARN_UNGUARDED_AVAILABILITY = YES_AGGRESSIVE;
				CLANG_WARN_UNREACHABLE_CODE = YES;
				CLANG_WARN__DUPLICATE_METHOD_MATCH = YES;
				COPY_PHASE_STRIP = NO;
				DEBUG_INFORMATION_FORMAT = "dwarf-with-dsym";
				ENABLE_NS_ASSERTIONS = NO;
				ENABLE_STRICT_OBJC_MSGSEND = YES;
				GCC_C_LANGUAGE_STANDARD = gnu11;
				GCC_NO_COMMON_BLOCKS = YES;
				GCC_WARN_64_TO_32_BIT_CONVERSION = YES;
				GCC_WARN_ABOUT_RETURN_TYPE = YES_ERROR;
				GCC_WARN_UNDECLARED_SELECTOR = YES;
				GCC_WARN_UNINITIALIZED_AUTOS = YES_AGGRESSIVE;
				GCC_WARN_UNUSED_FUNCTION = YES;
				GCC_WARN_UNUSED_VARIABLE = YES;
				IPHONEOS_DEPLOYMENT_TARGET = 13.2;
				MTL_ENABLE_DEBUG_INFO = NO;
				MTL_FAST_MATH = YES;
				SDKROOT = iphoneos;
				SWIFT_COMPILATION_MODE = wholemodule;
				SWIFT_OPTIMIZATION_LEVEL = "-O";
				VALIDATE_PRODUCT = YES;
			};
			name = Release;
		};
		03AA656A23CCB3C800B07EC8 /* Debug */ = {
			isa = XCBuildConfiguration;
			baseConfigurationReference = F42597DE8345BDC45099191C /* Pods-Engineer_ai_Assignment.debug.xcconfig */;
			buildSettings = {
				ASSETCATALOG_COMPILER_APPICON_NAME = AppIcon;
				CODE_SIGN_STYLE = Automatic;
				INFOPLIST_FILE = Engineer_ai_Assignment/Info.plist;
				LD_RUNPATH_SEARCH_PATHS = (
					"$(inherited)",
					"@executable_path/Frameworks",
				);
				PRODUCT_BUNDLE_IDENTIFIER = "romanko.Engineer-ai-Assignment";
				PRODUCT_NAME = "$(TARGET_NAME)";
				SWIFT_VERSION = 5.0;
				TARGETED_DEVICE_FAMILY = "1,2";
			};
			name = Debug;
		};
		03AA656B23CCB3C800B07EC8 /* Release */ = {
			isa = XCBuildConfiguration;
			baseConfigurationReference = 2FA948D8430A81689D2A3C2D /* Pods-Engineer_ai_Assignment.release.xcconfig */;
			buildSettings = {
				ASSETCATALOG_COMPILER_APPICON_NAME = AppIcon;
				CODE_SIGN_STYLE = Automatic;
				INFOPLIST_FILE = Engineer_ai_Assignment/Info.plist;
				LD_RUNPATH_SEARCH_PATHS = (
					"$(inherited)",
					"@executable_path/Frameworks",
				);
				PRODUCT_BUNDLE_IDENTIFIER = "romanko.Engineer-ai-Assignment";
				PRODUCT_NAME = "$(TARGET_NAME)";
				SWIFT_VERSION = 5.0;
				TARGETED_DEVICE_FAMILY = "1,2";
			};
			name = Release;
		};
/* End XCBuildConfiguration section */

/* Begin XCConfigurationList section */
		03AA655023CCB3C400B07EC8 /* Build configuration list for PBXProject "Engineer_ai_Assignment" */ = {
			isa = XCConfigurationList;
			buildConfigurations = (
				03AA656723CCB3C800B07EC8 /* Debug */,
				03AA656823CCB3C800B07EC8 /* Release */,
			);
			defaultConfigurationIsVisible = 0;
			defaultConfigurationName = Release;
		};
		03AA656923CCB3C800B07EC8 /* Build configuration list for PBXNativeTarget "Engineer_ai_Assignment" */ = {
			isa = XCConfigurationList;
			buildConfigurations = (
				03AA656A23CCB3C800B07EC8 /* Debug */,
				03AA656B23CCB3C800B07EC8 /* Release */,
			);
			defaultConfigurationIsVisible = 0;
			defaultConfigurationName = Release;
		};
/* End XCConfigurationList section */
	};
	rootObject = 03AA654D23CCB3C400B07EC8 /* Project object */;
}
